schema: '2.0'
stages:
  preprocess:
    cmd: python -m recsys.data.preprocess
    deps:
    - path: data/raw/rating.csv
      hash: md5
      md5: 39c820890d22d80cfad7e54f38326937
      size: 690353377
    - path: src/recsys/data/preprocess.py
      hash: md5
      md5: cae0d21134de7622753f3d9bf8f72d71
      size: 5108
    - path: src/recsys/preprocessing/strategies.py
      hash: md5
      md5: d53c11b44ac78a01a3334a2eb350d45a
      size: 2888
    - path: src/recsys/utils/config.py
      hash: md5
      md5: af657c7927554ba89b4cb1fb024a68c4
      size: 2556
    outs:
    - path: data/processed/encoders.pkl
      hash: md5
      md5: 1c19afcf2a37e0d2a8b29a7a5b002aa5
      size: 360122
    - path: data/processed/metadata.json
      hash: md5
      md5: 5c5ae65936bc1092d9c421ad9258009c
      size: 59
    - path: data/processed/test.csv
      hash: md5
      md5: 5973ef85eb6b799cb256d81f5a994cba
      size: 164116
    - path: data/processed/train.csv
      hash: md5
      md5: 82a98a255bea0cd65899fdca93fbfee7
      size: 514611
    - path: data/processed/val.csv
      hash: md5
      md5: 28c4706d36d3d93036b74c3e6f84ca82
      size: 130965
  feature_eng:
    cmd: python -m recsys.data.feature_eng
    deps:
    - path: data/processed/metadata.json
      hash: md5
      md5: 6f377595c8cabd2e70ac7f83dfc7a09e
      size: 141
    - path: data/processed/train.csv
      hash: md5
      md5: 82a98a255bea0cd65899fdca93fbfee7
      size: 514611
    - path: src/recsys/data/feature_eng.py
      hash: md5
      md5: ac8c8769a9bebb7a8b47b2b71f5726d5
      size: 3781
    outs:
    - path: data/processed/train_with_negatives.csv
      hash: md5
      md5: 4085c149b889b4aea4f5821799245e95
      size: 2629678
  train:
    cmd: python -m recsys.training.train
    deps:
    - path: data/processed/metadata.json
      hash: md5
      md5: 6f377595c8cabd2e70ac7f83dfc7a09e
      size: 141
    - path: data/processed/train_with_negatives.csv
      hash: md5
      md5: 4085c149b889b4aea4f5821799245e95
      size: 2629678
    - path: data/processed/val.csv
      hash: md5
      md5: 28c4706d36d3d93036b74c3e6f84ca82
      size: 130965
    - path: src/recsys/data/dataset.py
      hash: md5
      md5: 335828c635d30dab4c170a7cb566e9a9
      size: 1512
    - path: src/recsys/models/ncf.py
      hash: md5
      md5: 732d55ff382d4d9436a68e70110e4fc6
      size: 6415
    - path: src/recsys/training/train.py
      hash: md5
      md5: 74f5f71f144fb16104113715476e4e9f
      size: 6540
    - path: src/recsys/training/trainer.py
      hash: md5
      md5: d9279a2f49ac1542b90d1dccf82dd888
      size: 6536
    outs:
    - path: models/ncf_best.pt
      hash: md5
      md5: e4ea03eb0adbf5b7d35c81f3ef72f657
      size: 5786581
    - path: models/ncf_model.pt
      hash: md5
      md5: 45aaaa4712d0b0b3be3a328222091723
      size: 5786597
  evaluate:
    cmd: python -m recsys.evaluation.evaluate
    deps:
    - path: data/processed/metadata.json
      hash: md5
      md5: 6f377595c8cabd2e70ac7f83dfc7a09e
      size: 141
    - path: data/processed/test.csv
      hash: md5
      md5: 5973ef85eb6b799cb256d81f5a994cba
      size: 164116
    - path: data/processed/train.csv
      hash: md5
      md5: 82a98a255bea0cd65899fdca93fbfee7
      size: 514611
    - path: models/ncf_model.pt
      hash: md5
      md5: 45aaaa4712d0b0b3be3a328222091723
      size: 5786597
    - path: src/recsys/evaluation/evaluate.py
      hash: md5
      md5: 4d2c0ee15f19cf3f40d91d61dcbcd745
      size: 7288
    - path: src/recsys/evaluation/metrics.py
      hash: md5
      md5: ff9a9942cdb54ac9f2b7581ef79b1f95
      size: 4174
    - path: src/recsys/models/ncf.py
      hash: md5
      md5: 732d55ff382d4d9436a68e70110e4fc6
      size: 6415
    - path: src/recsys/models/popularity.py
      hash: md5
      md5: cc725389dd021f59d1d4d64d685dd184
      size: 2003
    - path: src/recsys/models/user_knn.py
      hash: md5
      md5: d651d667770ca70a74e8ecf457080acd
      size: 5741
    outs:
    - path: models/evaluation_report.json
      hash: md5
      md5: 1d09584497840e333054918db44d02eb
      size: 546
