schema: '2.0'
stages:
  preprocess:
    cmd: python -m recsys.data.preprocess
    deps:
    - path: data/raw/rating.csv
      hash: md5
      md5: 39c820890d22d80cfad7e54f38326937
      size: 690353377
    - path: src/recsys/data/preprocess.py
      hash: md5
      md5: e01388384d663880354e39b06e5ec8ae
      size: 6261
    - path: src/recsys/preprocessing/strategies.py
      hash: md5
      md5: d53c11b44ac78a01a3334a2eb350d45a
      size: 2888
    - path: src/recsys/utils/config.py
      hash: md5
      md5: af657c7927554ba89b4cb1fb024a68c4
      size: 2556
    outs:
    - path: data/processed/encoders.pkl
      hash: md5
      md5: 3e7a009aac35dde0919abcedc34515c8
      size: 67922
    - path: data/processed/metadata.json
      hash: md5
      md5: 7f1cd63c973d46f6e470b3f65de348f4
      size: 58
    - path: data/processed/test.csv
      hash: md5
      md5: af24770c62ff2fd3be8fe8bd38e52893
      size: 234546
    - path: data/processed/train.csv
      hash: md5
      md5: e647e7187367c09503b4df3df2489810
      size: 735052
    - path: data/processed/val.csv
      hash: md5
      md5: 7c778083fcdae410f70d55239a4d65d3
      size: 187793
  feature_eng:
    cmd: python -m recsys.data.feature_eng
    deps:
    - path: data/processed/metadata.json
      hash: md5
      md5: 3f1f72289c1341e5cf864a81d828e040
      size: 198
    - path: data/processed/train.csv
      hash: md5
      md5: e647e7187367c09503b4df3df2489810
      size: 735052
    - path: data/processed/val.csv
      hash: md5
      md5: 7c778083fcdae410f70d55239a4d65d3
      size: 187793
    - path: src/recsys/data/feature_eng.py
      hash: md5
      md5: fd7c969161ba9d02e7310cbba7a3c179
      size: 5625
    outs:
    - path: data/processed/train_with_negatives.csv
      hash: md5
      md5: 4325d4d8f98b9ec00e98a3d36aad2516
      size: 3770859
    - path: data/processed/val_with_negatives.csv
      hash: md5
      md5: 5de1ad938879263e63130ef26459c899
      size: 948785
  train:
    cmd: python -m recsys.training.train
    deps:
    - path: data/processed/metadata.json
      hash: md5
      md5: 3f1f72289c1341e5cf864a81d828e040
      size: 198
    - path: data/processed/train_with_negatives.csv
      hash: md5
      md5: 4325d4d8f98b9ec00e98a3d36aad2516
      size: 3770859
    - path: data/processed/val_with_negatives.csv
      hash: md5
      md5: 5de1ad938879263e63130ef26459c899
      size: 948785
    - path: src/recsys/data/dataset.py
      hash: md5
      md5: 335828c635d30dab4c170a7cb566e9a9
      size: 1512
    - path: src/recsys/models/ncf.py
      hash: md5
      md5: 9a35f83dfe3d96803a2234befe34ba12
      size: 6381
    - path: src/recsys/training/train.py
      hash: md5
      md5: 00759db21905886ab77fb069b6f994ce
      size: 6760
    - path: src/recsys/training/trainer.py
      hash: md5
      md5: 49a8c169786e3ec8d179c043a5ec918f
      size: 6524
    outs:
    - path: models/ncf_best.pt
      hash: md5
      md5: 36964e773336223cd39bbc6112b5b6e2
      size: 1111381
    - path: models/ncf_model.pt
      hash: md5
      md5: 3189582c37fca14ddc0f197e018b1793
      size: 1111397
  evaluate:
    cmd: python -m recsys.evaluation.evaluate
    deps:
    - path: data/processed/metadata.json
      hash: md5
      md5: 3f1f72289c1341e5cf864a81d828e040
      size: 198
    - path: data/processed/test.csv
      hash: md5
      md5: af24770c62ff2fd3be8fe8bd38e52893
      size: 234546
    - path: data/processed/train.csv
      hash: md5
      md5: e647e7187367c09503b4df3df2489810
      size: 735052
    - path: models/ncf_model.pt
      hash: md5
      md5: 3189582c37fca14ddc0f197e018b1793
      size: 1111397
    - path: src/recsys/evaluation/evaluate.py
      hash: md5
      md5: dd7ae2c9ab408a2802887006235a41ad
      size: 7279
    - path: src/recsys/evaluation/metrics.py
      hash: md5
      md5: ff9a9942cdb54ac9f2b7581ef79b1f95
      size: 4174
    - path: src/recsys/models/ncf.py
      hash: md5
      md5: 9a35f83dfe3d96803a2234befe34ba12
      size: 6381
    - path: src/recsys/models/popularity.py
      hash: md5
      md5: cc725389dd021f59d1d4d64d685dd184
      size: 2003
    - path: src/recsys/models/user_knn.py
      hash: md5
      md5: d651d667770ca70a74e8ecf457080acd
      size: 5741
    outs:
    - path: models/evaluation_report.json
      hash: md5
      md5: 3491fd34bd2b0d84c363518aacf3c504
      size: 495
